
Microsoft Visual Studio Solution File, Format Version 12.00
# Visual Studio 14
VisualStudioVersion = 14.0.25123.0
MinimumVisualStudioVersion = 10.0.40219.1
Project("{FAE04EC0-301F-11D3-BF4B-00C04F79EFBC}") = "WeightLoss", "WeightLoss\WeightLoss.csproj", "{B555B9BF-3796-46FE-AA5E-398BA4B42120}"
EndProject
Project("{FAE04EC0-301F-11D3-BF4B-00C04F79EFBC}") = "WeightLoss.Tests", "WeightLoss.Tests\WeightLoss.Tests.csproj", "{7489B282-8425-47E6-B9D7-281A386914AB}"
EndProject
Global
	GlobalSection(SolutionConfigurationPlatforms) = preSolution
		Debug|Any CPU = Debug|Any CPU
		Release|Any CPU = Release|Any CPU
	EndGlobalSection
	GlobalSection(ProjectConfigurationPlatforms) = postSolution
		{B555B9BF-3796-46FE-AA5E-398BA4B42120}.Debug|Any CPU.ActiveCfg = Debug|Any CPU
		{B555B9BF-3796-46FE-AA5E-398BA4B42120}.Debug|Any CPU.Build.0 = Debug|Any CPU
		{B555B9BF-3796-46FE-AA5E-398BA4B42120}.Release|Any CPU.ActiveCfg = Release|Any CPU
		{B555B9BF-3796-46FE-AA5E-398BA4B42120}.Release|Any CPU.Build.0 = Release|Any CPU
		{7489B282-8425-47E6-B9D7-281A386914AB}.Debug|Any CPU.ActiveCfg = Debug|Any CPU
		{7489B282-8425-47E6-B9D7-281A386914AB}.Debug|Any CPU.Build.0 = Debug|Any CPU
		{7489B282-8425-47E6-B9D7-281A386914AB}.Release|Any CPU.ActiveCfg = Release|Any CPU
		{7489B282-8425-47E6-B9D7-281A386914AB}.Release|Any CPU.Build.0 = Release|Any CPU
	EndGlobalSection
	GlobalSection(SolutionProperties) = preSolution
		HideSolutionNode = FALSE
	EndGlobalSection
EndGlobal
